{
  "lockfileVersion": 1,
  "configVersion": 1,
  "workspaces": {
    "": {
      "name": "opendisaster",
      "dependencies": {
        "@react-three/fiber": "^9.5.0",
        "@react-three/postprocessing": "^3.0.4",
        "@types/react": "^19.2.13",
        "@types/react-dom": "^19.2.3",
        "bitecs": "^0.4.0",
        "class-variance-authority": "^0.7.1",
        "clsx": "^2.1.1",
        "framer-motion": "^12.33.0",
        "lucide-react": "^0.563.0",
        "postprocessing": "^6.38.2",
        "react": "^19.2.4",
        "react-dom": "^19.2.4",
        "tailwind-merge": "^3.4.0",
        "tailwindcss": "^4.1.18",
        "three": "^0.182.0",
      },
      "devDependencies": {
        "@types/bun": "latest",
        "@types/three": "^0.182.0",
      },
      "peerDependencies": {
        "typescript": "^5",
      },
    },
  },
  "packages": {
    "@babel/runtime": ["@babel/runtime@7.28.6", "", {}, "sha512-05WQkdpL9COIMz4LjTxGpPNCdlpyimKppYNoJ5Di5EUObifl8t4tuLuUBBZEpoLYOmfvIWrsp9fCl0HoPRVTdA=="],

    "@dimforge/rapier3d-compat": ["@dimforge/rapier3d-compat@0.12.0", "", {}, "sha512-uekIGetywIgopfD97oDL5PfeezkFpNhwlzlaEYNOA0N6ghdsOvh/HYjSMek5Q2O1PYvRSDFcqFVJl4r4ZBwOow=="],

    "@react-three/fiber": ["@react-three/fiber@9.5.0", "", { "dependencies": { "@babel/runtime": "^7.17.8", "@types/webxr": "*", "base64-js": "^1.5.1", "buffer": "^6.0.3", "its-fine": "^2.0.0", "react-use-measure": "^2.1.7", "scheduler": "^0.27.0", "suspend-react": "^0.1.3", "use-sync-external-store": "^1.4.0", "zustand": "^5.0.3" }, "peerDependencies": { "expo": ">=43.0", "expo-asset": ">=8.4", "expo-file-system": ">=11.0", "expo-gl": ">=11.0", "react": ">=19 <19.3", "react-dom": ">=19 <19.3", "react-native": ">=0.78", "three": ">=0.156" }, "optionalPeers": ["expo", "expo-asset", "expo-file-system", "expo-gl", "react-dom", "react-native"] }, "sha512-FiUzfYW4wB1+PpmsE47UM+mCads7j2+giRBltfwH7SNhah95rqJs3ltEs9V3pP8rYdS0QlNne+9Aj8dS/SiaIA=="],

    "@react-three/postprocessing": ["@react-three/postprocessing@3.0.4", "", { "dependencies": { "maath": "^0.6.0", "n8ao": "^1.9.4", "postprocessing": "^6.36.6" }, "peerDependencies": { "@react-three/fiber": "^9.0.0", "react": "^19.0", "three": ">= 0.156.0" } }, "sha512-e4+F5xtudDYvhxx3y0NtWXpZbwvQ0x1zdOXWTbXMK6fFLVDd4qucN90YaaStanZGS4Bd5siQm0lGL/5ogf8iDQ=="],

    "@tweenjs/tween.js": ["@tweenjs/tween.js@23.1.3", "", {}, "sha512-vJmvvwFxYuGnF2axRtPYocag6Clbb5YS7kLL+SO/TeVFzHqDIWrNKYtcsPMibjDx9O+bu+psAy9NKfWklassUA=="],

    "@types/bun": ["@types/bun@1.3.8", "", { "dependencies": { "bun-types": "1.3.8" } }, "sha512-3LvWJ2q5GerAXYxO2mffLTqOzEu5qnhEAlh48Vnu8WQfnmSwbgagjGZV6BoHKJztENYEDn6QmVd949W4uESRJA=="],

    "@types/node": ["@types/node@25.2.1", "", { "dependencies": { "undici-types": "~7.16.0" } }, "sha512-CPrnr8voK8vC6eEtyRzvMpgp3VyVRhgclonE7qYi6P9sXwYb59ucfrnmFBTaP0yUi8Gk4yZg/LlTJULGxvTNsg=="],

    "@types/react": ["@types/react@19.2.13", "", { "dependencies": { "csstype": "^3.2.2" } }, "sha512-KkiJeU6VbYbUOp5ITMIc7kBfqlYkKA5KhEHVrGMmUUMt7NeaZg65ojdPk+FtNrBAOXNVM5QM72jnADjM+XVRAQ=="],

    "@types/react-dom": ["@types/react-dom@19.2.3", "", { "peerDependencies": { "@types/react": "^19.2.0" } }, "sha512-jp2L/eY6fn+KgVVQAOqYItbF0VY/YApe5Mz2F0aykSO8gx31bYCZyvSeYxCHKvzHG5eZjc+zyaS5BrBWya2+kQ=="],

    "@types/react-reconciler": ["@types/react-reconciler@0.28.9", "", { "peerDependencies": { "@types/react": "*" } }, "sha512-HHM3nxyUZ3zAylX8ZEyrDNd2XZOnQ0D5XfunJF5FLQnZbHHYq4UWvW1QfelQNXv1ICNkwYhfxjwfnqivYB6bFg=="],

    "@types/stats.js": ["@types/stats.js@0.17.4", "", {}, "sha512-jIBvWWShCvlBqBNIZt0KAshWpvSjhkwkEu4ZUcASoAvhmrgAUI2t1dXrjSL4xXVLB4FznPrIsX3nKXFl/Dt4vA=="],

    "@types/three": ["@types/three@0.182.0", "", { "dependencies": { "@dimforge/rapier3d-compat": "~0.12.0", "@tweenjs/tween.js": "~23.1.3", "@types/stats.js": "*", "@types/webxr": ">=0.5.17", "@webgpu/types": "*", "fflate": "~0.8.2", "meshoptimizer": "~0.22.0" } }, "sha512-WByN9V3Sbwbe2OkWuSGyoqQO8Du6yhYaXtXLoA5FkKTUJorZ+yOHBZ35zUUPQXlAKABZmbYp5oAqpA4RBjtJ/Q=="],

    "@types/webxr": ["@types/webxr@0.5.24", "", {}, "sha512-h8fgEd/DpoS9CBrjEQXR+dIDraopAEfu4wYVNY2tEPwk60stPWhvZMf4Foo5FakuQ7HFZoa8WceaWFervK2Ovg=="],

    "@webgpu/types": ["@webgpu/types@0.1.69", "", {}, "sha512-RPmm6kgRbI8e98zSD3RVACvnuktIja5+yLgDAkTmxLr90BEwdTXRQWNLF3ETTTyH/8mKhznZuN5AveXYFEsMGQ=="],

    "base64-js": ["base64-js@1.5.1", "", {}, "sha512-AKpaYlHn8t4SVbOHCy+b5+KKgvR4vrsD8vbvrbiQJps7fKDTkjkDry6ji0rUJjC0kzbNePLwzxq8iypo41qeWA=="],

    "bitecs": ["bitecs@0.4.0", "", {}, "sha512-ho6Zop/L79DRTnBAfakPpGPuX7y0+lAjX06CpaAW+5tnAc7BH3L3RlSrWAXAqwnQGDZ10GsoxaxyTTsddlun3g=="],

    "buffer": ["buffer@6.0.3", "", { "dependencies": { "base64-js": "^1.3.1", "ieee754": "^1.2.1" } }, "sha512-FTiCpNxtwiZZHEZbcbTIcZjERVICn9yq/pDFkTl95/AxzD1naBctN7YO68riM/gLSDY7sdrMby8hofADYuuqOA=="],

    "bun-types": ["bun-types@1.3.8", "", { "dependencies": { "@types/node": "*" } }, "sha512-fL99nxdOWvV4LqjmC+8Q9kW3M4QTtTR1eePs94v5ctGqU8OeceWrSUaRw3JYb7tU3FkMIAjkueehrHPPPGKi5Q=="],

    "class-variance-authority": ["class-variance-authority@0.7.1", "", { "dependencies": { "clsx": "^2.1.1" } }, "sha512-Ka+9Trutv7G8M6WT6SeiRWz792K5qEqIGEGzXKhAE6xOWAY6pPH8U+9IY3oCMv6kqTmLsv7Xh/2w2RigkePMsg=="],

    "clsx": ["clsx@2.1.1", "", {}, "sha512-eYm0QWBtUrBWZWG0d386OGAw16Z995PiOVo2B7bjWSbHedGl5e0ZWaq65kOGgUSNesEIDkB9ISbTg/JK9dhCZA=="],

    "csstype": ["csstype@3.2.3", "", {}, "sha512-z1HGKcYy2xA8AGQfwrn0PAy+PB7X/GSj3UVJW9qKyn43xWa+gl5nXmU4qqLMRzWVLFC8KusUX8T/0kCiOYpAIQ=="],

    "fflate": ["fflate@0.8.2", "", {}, "sha512-cPJU47OaAoCbg0pBvzsgpTPhmhqI5eJjh/JIu8tPj5q+T7iLvW/JAYUqmE7KOB4R1ZyEhzBaIQpQpardBF5z8A=="],

    "framer-motion": ["framer-motion@12.33.0", "", { "dependencies": { "motion-dom": "^12.33.0", "motion-utils": "^12.29.2", "tslib": "^2.4.0" }, "peerDependencies": { "@emotion/is-prop-valid": "*", "react": "^18.0.0 || ^19.0.0", "react-dom": "^18.0.0 || ^19.0.0" }, "optionalPeers": ["@emotion/is-prop-valid", "react", "react-dom"] }, "sha512-ca8d+rRPcDP5iIF+MoT3WNc0KHJMjIyFAbtVLvM9eA7joGSpeqDfiNH/kCs1t4CHi04njYvWyj0jS4QlEK/rJQ=="],

    "ieee754": ["ieee754@1.2.1", "", {}, "sha512-dcyqhDvX1C46lXZcVqCpK+FtMRQVdIMN6/Df5js2zouUsqG7I6sFxitIC+7KYK29KdXOLHdu9zL4sFnoVQnqaA=="],

    "its-fine": ["its-fine@2.0.0", "", { "dependencies": { "@types/react-reconciler": "^0.28.9" }, "peerDependencies": { "react": "^19.0.0" } }, "sha512-KLViCmWx94zOvpLwSlsx6yOCeMhZYaxrJV87Po5k/FoZzcPSahvK5qJ7fYhS61sZi5ikmh2S3Hz55A2l3U69ng=="],

    "lucide-react": ["lucide-react@0.563.0", "", { "peerDependencies": { "react": "^16.5.1 || ^17.0.0 || ^18.0.0 || ^19.0.0" } }, "sha512-8dXPB2GI4dI8jV4MgUDGBeLdGk8ekfqVZ0BdLcrRzocGgG75ltNEmWS+gE7uokKF/0oSUuczNDT+g9hFJ23FkA=="],

    "maath": ["maath@0.6.0", "", { "peerDependencies": { "@types/three": ">=0.144.0", "three": ">=0.144.0" } }, "sha512-dSb2xQuP7vDnaYqfoKzlApeRcR2xtN8/f7WV/TMAkBC8552TwTLtOO0JTcSygkYMjNDPoo6V01jTw/aPi4JrMw=="],

    "meshoptimizer": ["meshoptimizer@0.22.0", "", {}, "sha512-IebiK79sqIy+E4EgOr+CAw+Ke8hAspXKzBd0JdgEmPHiAwmvEj2S4h1rfvo+o/BnfEYd/jAOg5IeeIjzlzSnDg=="],

    "motion-dom": ["motion-dom@12.33.0", "", { "dependencies": { "motion-utils": "^12.29.2" } }, "sha512-XRPebVypsl0UM+7v0Hr8o9UAj0S2djsQWRdHBd5iVouVpMrQqAI0C/rDAT3QaYnXnHuC5hMcwDHCboNeyYjPoQ=="],

    "motion-utils": ["motion-utils@12.29.2", "", {}, "sha512-G3kc34H2cX2gI63RqU+cZq+zWRRPSsNIOjpdl9TN4AQwC4sgwYPl/Q/Obf/d53nOm569T0fYK+tcoSV50BWx8A=="],

    "n8ao": ["n8ao@1.10.1", "", { "peerDependencies": { "postprocessing": ">=6.30.0", "three": ">=0.137" } }, "sha512-hhI1pC+BfOZBV1KMwynBrVlIm8wqLxj/abAWhF2nZ0qQKyzTSQa1QtLVS2veRiuoBQXojxobcnp0oe+PUoxf/w=="],

    "postprocessing": ["postprocessing@6.38.2", "", { "peerDependencies": { "three": ">= 0.157.0 < 0.183.0" } }, "sha512-7DwuT7Tkst41ZjSj287g7C9c5/D3Xx5rMgBosg0dadbUPoZD2HNzkadKPol1d2PJAoI9f+Jeh1/v9YfLzpFGVw=="],

    "react": ["react@19.2.4", "", {}, "sha512-9nfp2hYpCwOjAN+8TZFGhtWEwgvWHXqESH8qT89AT/lWklpLON22Lc8pEtnpsZz7VmawabSU0gCjnj8aC0euHQ=="],

    "react-dom": ["react-dom@19.2.4", "", { "dependencies": { "scheduler": "^0.27.0" }, "peerDependencies": { "react": "^19.2.4" } }, "sha512-AXJdLo8kgMbimY95O2aKQqsz2iWi9jMgKJhRBAxECE4IFxfcazB2LmzloIoibJI3C12IlY20+KFaLv+71bUJeQ=="],

    "react-use-measure": ["react-use-measure@2.1.7", "", { "peerDependencies": { "react": ">=16.13", "react-dom": ">=16.13" }, "optionalPeers": ["react-dom"] }, "sha512-KrvcAo13I/60HpwGO5jpW7E9DfusKyLPLvuHlUyP5zqnmAPhNc6qTRjUQrdTADl0lpPpDVU2/Gg51UlOGHXbdg=="],

    "scheduler": ["scheduler@0.27.0", "", {}, "sha512-eNv+WrVbKu1f3vbYJT/xtiF5syA5HPIMtf9IgY/nKg0sWqzAUEvqY/xm7OcZc/qafLx/iO9FgOmeSAp4v5ti/Q=="],

    "suspend-react": ["suspend-react@0.1.3", "", { "peerDependencies": { "react": ">=17.0" } }, "sha512-aqldKgX9aZqpoDp3e8/BZ8Dm7x1pJl+qI3ZKxDN0i/IQTWUwBx/ManmlVJ3wowqbno6c2bmiIfs+Um6LbsjJyQ=="],

    "tailwind-merge": ["tailwind-merge@3.4.0", "", {}, "sha512-uSaO4gnW+b3Y2aWoWfFpX62vn2sR3skfhbjsEnaBI81WD1wBLlHZe5sWf0AqjksNdYTbGBEd0UasQMT3SNV15g=="],

    "tailwindcss": ["tailwindcss@4.1.18", "", {}, "sha512-4+Z+0yiYyEtUVCScyfHCxOYP06L5Ne+JiHhY2IjR2KWMIWhJOYZKLSGZaP5HkZ8+bY0cxfzwDE5uOmzFXyIwxw=="],

    "three": ["three@0.182.0", "", {}, "sha512-GbHabT+Irv+ihI1/f5kIIsZ+Ef9Sl5A1Y7imvS5RQjWgtTPfPnZ43JmlYI7NtCRDK9zir20lQpfg8/9Yd02OvQ=="],

    "tslib": ["tslib@2.8.1", "", {}, "sha512-oJFu94HQb+KVduSUQL7wnpmqnfmLsOA/nAh6b6EH0wCEoK0/mPeXU6c3wKDV83MkOuHPRHtSXKKU99IBazS/2w=="],

    "typescript": ["typescript@5.9.3", "", { "bin": { "tsc": "bin/tsc", "tsserver": "bin/tsserver" } }, "sha512-jl1vZzPDinLr9eUt3J/t7V6FgNEw9QjvBPdysz9KfQDD41fQrC2Y4vKQdiaUpFT4bXlb1RHhLpp8wtm6M5TgSw=="],

    "undici-types": ["undici-types@7.16.0", "", {}, "sha512-Zz+aZWSj8LE6zoxD+xrjh4VfkIG8Ya6LvYkZqtUQGJPZjYl53ypCaUwWqo7eI0x66KBGeRo+mlBEkMSeSZ38Nw=="],

    "use-sync-external-store": ["use-sync-external-store@1.6.0", "", { "peerDependencies": { "react": "^16.8.0 || ^17.0.0 || ^18.0.0 || ^19.0.0" } }, "sha512-Pp6GSwGP/NrPIrxVFAIkOQeyw8lFenOHijQWkUTrDvrF4ALqylP2C/KCkeS9dpUM3KvYRQhna5vt7IL95+ZQ9w=="],

    "zustand": ["zustand@5.0.11", "", { "peerDependencies": { "@types/react": ">=18.0.0", "immer": ">=9.0.6", "react": ">=18.0.0", "use-sync-external-store": ">=1.2.0" }, "optionalPeers": ["@types/react", "immer", "react", "use-sync-external-store"] }, "sha512-fdZY+dk7zn/vbWNCYmzZULHRrss0jx5pPFiOuMZ/5HJN6Yv3u+1Wswy/4MpZEkEGhtNH+pwxZB8OKgUBPzYAGg=="],
  }
}
